# Generated native dependency lock; review changes before use.
altgraph==0.17.5 \
    --hash=sha256:f3a22400bce1b0c701683820ac4f3b159cd301acab067c51c653e06961600597
bleak==3.0.2 \
    --hash=sha256:39092feb9e83f1df5ad2f88e837723c7211c982ce9e9cda6235104bc2ebe0d0d
customtkinter==6.0.0 \
    --hash=sha256:704fcbf1d2fca06bd7881b0afacfae72aed9864c9b6de2870e632e55eb3a0456
darkdetect==0.8.0 \
    --hash=sha256:a7509ccf517eaad92b31c214f593dbcf138ea8a43b2935406bbd565e15527a85
hidapi==0.15.0 \
    --hash=sha256:9abc71a62bf8a8f1d70a6fd3613f86feb37ddb67e05ed934e734df79e27bf4f6
packaging==26.3 \
    --hash=sha256:d7193f7c8e4e93f444fde0262bf90af30e16fa0ad0ad44cb553c87339b23cd1c
pefile==2023.2.7 \
    --hash=sha256:da185cd2af68c08a6cd4481f7325ed600a88f6a813bad9dea07ab3ef73d8d8d6
pillow==12.3.0 \
    --hash=sha256:a2b55dd6b2a4c4b7d87ffa56bdb33fdc5fdb9a462173861a7bc097f17d91cb09
pip==26.2.1 \
    --hash=sha256:71138adf1f4ca900cdb7d289c21b7494329f2332b6d85f0e1c42108c0384ed3e
pyinstaller==6.11.1 \
    --hash=sha256:7ac83c0dc0e04357dab98c487e74ad2adb30e7eb186b58157a8faf46f1fa796f
pyinstaller-hooks-contrib==2026.7 \
    --hash=sha256:24257a04c7a5a7a034cf28e39dcee20fbeeb9f043076729480f2e1b69904408a
pystray==0.19.5 \
    --hash=sha256:a0c2229d02cf87207297c22d86ffc57c86c227517b038c0d3c59df79295ac617
pyusb==1.3.1 \
    --hash=sha256:bf9b754557af4717fe80c2b07cc2b923a9151f5c08d17bdb5345dac09d6a0430
pywin32-ctypes==0.2.3 \
    --hash=sha256:8a1513379d709975552d202d942d9837758905c8d01eb82b8bcc30918929e7b8
setuptools==84.0.0 \
    --hash=sha256:51a52592b3b99e102b609654876bd65f19f999935166d1352678931132b0c670
six==1.17.0 \
    --hash=sha256:4721f391ed90541fddacab5acf947aa0d3dc7d27b2e1e8eda2be8970586c3274
typing-extensions==4.16.0 \
    --hash=sha256:481caa481374e813c1b176ada14e97f1f67a4539ce9cfeb3f350d78d6370c2e8
vgamepad @ https://github.com/yannbouteiller/vgamepad/archive/3f910aa8bbde49a576683db74ad5e4a0879f8a80.tar.gz \
    --hash=sha256:0814ab8e4014e40a2d8f088c8c1c2c46e62cc97d0f9eb6f5fc34bf5adfed81be
wheel==0.48.0 \
    --hash=sha256:3217dcc807155e45db462d7ef2431f5ddda0d7273b700d05a67b271ceb1287ab
winrt-runtime==3.2.1 \
    --hash=sha256:06510db215d4f0dc45c00fbb1251c6544e91742a0ad928011db33b30677e1576
winrt-windows-devices-bluetooth==3.2.1 \
    --hash=sha256:9b6702c462b216c91e32388023a74d0f87210cef6fd5d93b7191e9427ce2faca
winrt-windows-devices-bluetooth-advertisement==3.2.1 \
    --hash=sha256:e6c66e7d4f4ca86d2c801d30efd2b9673247b59a2b4c365d9e11650303d68d89
winrt-windows-devices-bluetooth-genericattributeprofile==3.2.1 \
    --hash=sha256:db05de95cd1b24a51abb69cb936a8b17e9214e015757d0b37e3a5e207ddceb3d
winrt-windows-devices-enumeration==3.2.1 \
    --hash=sha256:a73bc88d7f510af454f2b392985501c96f39b89fd987140708ccaec1588ceebc
winrt-windows-devices-radios==3.2.1 \
    --hash=sha256:a116e552a3f38607b9be558fb2e7de9b4450d1f9080069944d74d80cdda1873e
winrt-windows-foundation==3.2.1 \
    --hash=sha256:45550c5b6c2125cde495c409633e6b1ea5aa1677724e3b95eb8140bfccbe30c9
winrt-windows-foundation-collections==3.2.1 \
    --hash=sha256:550dfb8c82fe74d9e0728a2a16a9175cc9e34ca2b8ef758d69b2a398894b698b
winrt-windows-storage-streams==3.2.1 \
    --hash=sha256:e4508ee135af53e4fc142876abbf4bc7c2a95edfc7d19f52b291a8499cacd6dc
